### YamlMime:ManagedReference
items:
- uid: Koffing.Blocks.IBlock
  commentId: T:Koffing.Blocks.IBlock
  id: IBlock
  parent: Koffing.Blocks
  children:
  - Koffing.Blocks.IBlock.GetHashCodeBasis
  - Koffing.Blocks.IBlock.GetPossible(System.Collections.Generic.IEnumerable{Koffing.Tiles.Tile})
  - Koffing.Blocks.IBlock.GetPossibleForTile(Koffing.Tiles.Tile,System.Collections.Generic.IEnumerable{Koffing.Tiles.Tile})
  langs:
  - csharp
  - vb
  name: IBlock
  nameWithType: IBlock
  fullName: Koffing.Blocks.IBlock
  type: Interface
  source:
    remote:
      path: Scripts/Blocks/IBlock.cs
      branch: main
      repo: https://github.com/chimerror/koffing.git
    id: IBlock
    path: ../Koffing/Scripts/Blocks/IBlock.cs
    startLine: 15
  assemblies:
  - Koffing
  namespace: Koffing.Blocks
  summary: Interface of static methods used to work with <xref href="Koffing.Blocks.Block" data-throw-if-not-resolved="false"></xref>s.
  remarks: >-
    Note that because these are <code>static abstract</code> methods, the <code>new</code> keyword will have to be used on

    overrides. This also requires calling the correct method through reflection, but for the most part, the code to

    do that is already part of the <xref href="Koffing.Blocks.Block" data-throw-if-not-resolved="false"></xref> abstract class implementation.
  example: []
  syntax:
    content: public interface IBlock
    content.vb: Public Interface IBlock
  derivedClasses:
  - Koffing.Blocks.Block
  - Koffing.Melds.Chow
  - Koffing.Melds.Kong
  - Koffing.Melds.Meld
  - Koffing.Melds.Pair
  - Koffing.Melds.Pung
  - Koffing.Waits.Kanchan
  - Koffing.Waits.Orphan
  - Koffing.Waits.PairWait
  - Koffing.Waits.Penchan
  - Koffing.Waits.Ryanmen
  - Koffing.Waits.SevenPairsWait
  - Koffing.Waits.ThirteenOrphansWait
  - Koffing.Waits.Wait
- uid: Koffing.Blocks.IBlock.GetPossible(System.Collections.Generic.IEnumerable{Koffing.Tiles.Tile})
  commentId: M:Koffing.Blocks.IBlock.GetPossible(System.Collections.Generic.IEnumerable{Koffing.Tiles.Tile})
  id: GetPossible(System.Collections.Generic.IEnumerable{Koffing.Tiles.Tile})
  parent: Koffing.Blocks.IBlock
  langs:
  - csharp
  - vb
  name: GetPossible(IEnumerable<Tile>)
  nameWithType: IBlock.GetPossible(IEnumerable<Tile>)
  fullName: Koffing.Blocks.IBlock.GetPossible(System.Collections.Generic.IEnumerable<Koffing.Tiles.Tile>)
  type: Method
  source:
    remote:
      path: Scripts/Blocks/IBlock.cs
      branch: main
      repo: https://github.com/chimerror/koffing.git
    id: GetPossible
    path: ../Koffing/Scripts/Blocks/IBlock.cs
    startLine: 25
  assemblies:
  - Koffing
  namespace: Koffing.Blocks
  summary: Get possible blocks of this type that can be created from a collection of tiles.
  example: []
  syntax:
    content: public static abstract IEnumerable<MadeBlockContext> GetPossible(IEnumerable<Tile> tiles)
    parameters:
    - id: tiles
      type: System.Collections.Generic.IEnumerable{Koffing.Tiles.Tile}
      description: The <xref href="Koffing.Tiles.Tile" data-throw-if-not-resolved="false"></xref>s to use to create <xref href="Koffing.Blocks.MadeBlockContext" data-throw-if-not-resolved="false"></xref>s.
    return:
      type: System.Collections.Generic.IEnumerable{Koffing.Blocks.MadeBlockContext}
      description: >-
        An <xref href="System.Collections.Generic.IEnumerable%601" data-throw-if-not-resolved="false"></xref> of <xref href="Koffing.Blocks.MadeBlockContext" data-throw-if-not-resolved="false"></xref>s that can be created from

        <code class="paramref">tiles</code>.
    content.vb: Public Shared MustInherit Function GetPossible(tiles As IEnumerable(Of Tile)) As IEnumerable(Of MadeBlockContext)
  overload: Koffing.Blocks.IBlock.GetPossible*
  nameWithType.vb: IBlock.GetPossible(IEnumerable(Of Tile))
  fullName.vb: Koffing.Blocks.IBlock.GetPossible(System.Collections.Generic.IEnumerable(Of Koffing.Tiles.Tile))
  name.vb: GetPossible(IEnumerable(Of Tile))
- uid: Koffing.Blocks.IBlock.GetPossibleForTile(Koffing.Tiles.Tile,System.Collections.Generic.IEnumerable{Koffing.Tiles.Tile})
  commentId: M:Koffing.Blocks.IBlock.GetPossibleForTile(Koffing.Tiles.Tile,System.Collections.Generic.IEnumerable{Koffing.Tiles.Tile})
  id: GetPossibleForTile(Koffing.Tiles.Tile,System.Collections.Generic.IEnumerable{Koffing.Tiles.Tile})
  parent: Koffing.Blocks.IBlock
  langs:
  - csharp
  - vb
  name: GetPossibleForTile(Tile, IEnumerable<Tile>)
  nameWithType: IBlock.GetPossibleForTile(Tile, IEnumerable<Tile>)
  fullName: Koffing.Blocks.IBlock.GetPossibleForTile(Koffing.Tiles.Tile, System.Collections.Generic.IEnumerable<Koffing.Tiles.Tile>)
  type: Method
  source:
    remote:
      path: Scripts/Blocks/IBlock.cs
      branch: main
      repo: https://github.com/chimerror/koffing.git
    id: GetPossibleForTile
    path: ../Koffing/Scripts/Blocks/IBlock.cs
    startLine: 36
  assemblies:
  - Koffing
  namespace: Koffing.Blocks
  summary: Get possible blocks of this type that can be created using a specified tile and set of other tiles.
  example: []
  syntax:
    content: public static abstract IEnumerable<MadeBlockContext> GetPossibleForTile(Tile tile, IEnumerable<Tile> otherTiles)
    parameters:
    - id: tile
      type: Koffing.Tiles.Tile
      description: The <xref href="Koffing.Tiles.Tile" data-throw-if-not-resolved="false"></xref> that must be included in all created blocks.
    - id: otherTiles
      type: System.Collections.Generic.IEnumerable{Koffing.Tiles.Tile}
      description: An <xref href="System.Collections.Generic.IEnumerable%601" data-throw-if-not-resolved="false"></xref> of other <xref href="Koffing.Tiles.Tile" data-throw-if-not-resolved="false"></xref>s to use.
    return:
      type: System.Collections.Generic.IEnumerable{Koffing.Blocks.MadeBlockContext}
      description: >-
        An <xref href="System.Collections.Generic.IEnumerable%601" data-throw-if-not-resolved="false"></xref> of <xref href="Koffing.Blocks.MadeBlockContext" data-throw-if-not-resolved="false"></xref>s that can be created from

        <code class="paramref">tile</code> and <code class="paramref">otherTiles</code>.
    content.vb: Public Shared MustInherit Function GetPossibleForTile(tile As Tile, otherTiles As IEnumerable(Of Tile)) As IEnumerable(Of MadeBlockContext)
  overload: Koffing.Blocks.IBlock.GetPossibleForTile*
  nameWithType.vb: IBlock.GetPossibleForTile(Tile, IEnumerable(Of Tile))
  fullName.vb: Koffing.Blocks.IBlock.GetPossibleForTile(Koffing.Tiles.Tile, System.Collections.Generic.IEnumerable(Of Koffing.Tiles.Tile))
  name.vb: GetPossibleForTile(Tile, IEnumerable(Of Tile))
- uid: Koffing.Blocks.IBlock.GetHashCodeBasis
  commentId: M:Koffing.Blocks.IBlock.GetHashCodeBasis
  id: GetHashCodeBasis
  parent: Koffing.Blocks.IBlock
  langs:
  - csharp
  - vb
  name: GetHashCodeBasis()
  nameWithType: IBlock.GetHashCodeBasis()
  fullName: Koffing.Blocks.IBlock.GetHashCodeBasis()
  type: Method
  source:
    remote:
      path: Scripts/Blocks/IBlock.cs
      branch: main
      repo: https://github.com/chimerror/koffing.git
    id: GetHashCodeBasis
    path: ../Koffing/Scripts/Blocks/IBlock.cs
    startLine: 48
  assemblies:
  - Koffing
  namespace: Koffing.Blocks
  summary: >-
    Get the hash code basis representing this block type, which will be exponentiated as a part of calculating

    <xref href="Koffing.Blocks.Block.GetHashCode" data-throw-if-not-resolved="false"></xref>.
  remarks: >-
    The number returned here should be a unique prime number among all derived <xref href="Koffing.Blocks" data-throw-if-not-resolved="false"></xref> to ensure proper

    hashing. The current set of numbers is verified in

    <xref href="Koffing.Tests.BlockTests.GetBlockHashCodeIsCorrect(Koffing.Blocks.Block%2cSystem.Int32)" data-throw-if-not-resolved="false"></xref>.
  example: []
  syntax:
    content: public static abstract int GetHashCodeBasis()
    return:
      type: System.Int32
      description: The basis to use when calculating hash codes for this block type.
    content.vb: Public Shared MustInherit Function GetHashCodeBasis() As Integer
  overload: Koffing.Blocks.IBlock.GetHashCodeBasis*
references:
- uid: Koffing.Blocks.Block
  commentId: T:Koffing.Blocks.Block
  parent: Koffing.Blocks
  href: Koffing.Blocks.Block.html
  name: Block
  nameWithType: Block
  fullName: Koffing.Blocks.Block
- uid: Koffing.Blocks
  commentId: N:Koffing.Blocks
  name: Koffing.Blocks
  nameWithType: Koffing.Blocks
  fullName: Koffing.Blocks
  spec.csharp:
  - uid: Koffing
    name: Koffing
  - name: .
  - uid: Koffing.Blocks
    name: Blocks
  spec.vb:
  - uid: Koffing
    name: Koffing
  - name: .
  - uid: Koffing.Blocks
    name: Blocks
- uid: Koffing.Tiles.Tile
  commentId: T:Koffing.Tiles.Tile
  parent: Koffing.Tiles
  href: Koffing.Tiles.Tile.html
  name: Tile
  nameWithType: Tile
  fullName: Koffing.Tiles.Tile
- uid: Koffing.Blocks.MadeBlockContext
  commentId: T:Koffing.Blocks.MadeBlockContext
  parent: Koffing.Blocks
  href: Koffing.Blocks.MadeBlockContext.html
  name: MadeBlockContext
  nameWithType: MadeBlockContext
  fullName: Koffing.Blocks.MadeBlockContext
- uid: System.Collections.Generic.IEnumerable`1
  commentId: T:System.Collections.Generic.IEnumerable`1
  isExternal: true
  href: https://learn.microsoft.com/dotnet/api/system.collections.generic.ienumerable-1
  name: IEnumerable<T>
  nameWithType: IEnumerable<T>
  fullName: System.Collections.Generic.IEnumerable<T>
  nameWithType.vb: IEnumerable(Of T)
  fullName.vb: System.Collections.Generic.IEnumerable(Of T)
  name.vb: IEnumerable(Of T)
  spec.csharp:
  - uid: System.Collections.Generic.IEnumerable`1
    name: IEnumerable
    isExternal: true
    href: https://learn.microsoft.com/dotnet/api/system.collections.generic.ienumerable-1
  - name: <
  - name: T
  - name: '>'
  spec.vb:
  - uid: System.Collections.Generic.IEnumerable`1
    name: IEnumerable
    isExternal: true
    href: https://learn.microsoft.com/dotnet/api/system.collections.generic.ienumerable-1
  - name: (
  - name: Of
  - name: " "
  - name: T
  - name: )
- uid: Koffing.Blocks.IBlock.GetPossible*
  commentId: Overload:Koffing.Blocks.IBlock.GetPossible
  href: Koffing.Blocks.IBlock.html#Koffing_Blocks_IBlock_GetPossible_System_Collections_Generic_IEnumerable_Koffing_Tiles_Tile__
  name: GetPossible
  nameWithType: IBlock.GetPossible
  fullName: Koffing.Blocks.IBlock.GetPossible
- uid: System.Collections.Generic.IEnumerable{Koffing.Tiles.Tile}
  commentId: T:System.Collections.Generic.IEnumerable{Koffing.Tiles.Tile}
  parent: System.Collections.Generic
  definition: System.Collections.Generic.IEnumerable`1
  href: https://learn.microsoft.com/dotnet/api/system.collections.generic.ienumerable-1
  name: IEnumerable<Tile>
  nameWithType: IEnumerable<Tile>
  fullName: System.Collections.Generic.IEnumerable<Koffing.Tiles.Tile>
  nameWithType.vb: IEnumerable(Of Tile)
  fullName.vb: System.Collections.Generic.IEnumerable(Of Koffing.Tiles.Tile)
  name.vb: IEnumerable(Of Tile)
  spec.csharp:
  - uid: System.Collections.Generic.IEnumerable`1
    name: IEnumerable
    isExternal: true
    href: https://learn.microsoft.com/dotnet/api/system.collections.generic.ienumerable-1
  - name: <
  - uid: Koffing.Tiles.Tile
    name: Tile
    href: Koffing.Tiles.Tile.html
  - name: '>'
  spec.vb:
  - uid: System.Collections.Generic.IEnumerable`1
    name: IEnumerable
    isExternal: true
    href: https://learn.microsoft.com/dotnet/api/system.collections.generic.ienumerable-1
  - name: (
  - name: Of
  - name: " "
  - uid: Koffing.Tiles.Tile
    name: Tile
    href: Koffing.Tiles.Tile.html
  - name: )
- uid: System.Collections.Generic.IEnumerable{Koffing.Blocks.MadeBlockContext}
  commentId: T:System.Collections.Generic.IEnumerable{Koffing.Blocks.MadeBlockContext}
  parent: System.Collections.Generic
  definition: System.Collections.Generic.IEnumerable`1
  href: https://learn.microsoft.com/dotnet/api/system.collections.generic.ienumerable-1
  name: IEnumerable<MadeBlockContext>
  nameWithType: IEnumerable<MadeBlockContext>
  fullName: System.Collections.Generic.IEnumerable<Koffing.Blocks.MadeBlockContext>
  nameWithType.vb: IEnumerable(Of MadeBlockContext)
  fullName.vb: System.Collections.Generic.IEnumerable(Of Koffing.Blocks.MadeBlockContext)
  name.vb: IEnumerable(Of MadeBlockContext)
  spec.csharp:
  - uid: System.Collections.Generic.IEnumerable`1
    name: IEnumerable
    isExternal: true
    href: https://learn.microsoft.com/dotnet/api/system.collections.generic.ienumerable-1
  - name: <
  - uid: Koffing.Blocks.MadeBlockContext
    name: MadeBlockContext
    href: Koffing.Blocks.MadeBlockContext.html
  - name: '>'
  spec.vb:
  - uid: System.Collections.Generic.IEnumerable`1
    name: IEnumerable
    isExternal: true
    href: https://learn.microsoft.com/dotnet/api/system.collections.generic.ienumerable-1
  - name: (
  - name: Of
  - name: " "
  - uid: Koffing.Blocks.MadeBlockContext
    name: MadeBlockContext
    href: Koffing.Blocks.MadeBlockContext.html
  - name: )
- uid: Koffing.Tiles
  commentId: N:Koffing.Tiles
  name: Koffing.Tiles
  nameWithType: Koffing.Tiles
  fullName: Koffing.Tiles
  spec.csharp:
  - uid: Koffing
    name: Koffing
  - name: .
  - uid: Koffing.Tiles
    name: Tiles
  spec.vb:
  - uid: Koffing
    name: Koffing
  - name: .
  - uid: Koffing.Tiles
    name: Tiles
- uid: System.Collections.Generic
  commentId: N:System.Collections.Generic
  isExternal: true
  href: https://learn.microsoft.com/dotnet/api/system
  name: System.Collections.Generic
  nameWithType: System.Collections.Generic
  fullName: System.Collections.Generic
  spec.csharp:
  - uid: System
    name: System
    isExternal: true
    href: https://learn.microsoft.com/dotnet/api/system
  - name: .
  - uid: System.Collections
    name: Collections
    isExternal: true
    href: https://learn.microsoft.com/dotnet/api/system.collections
  - name: .
  - uid: System.Collections.Generic
    name: Generic
    isExternal: true
    href: https://learn.microsoft.com/dotnet/api/system.collections.generic
  spec.vb:
  - uid: System
    name: System
    isExternal: true
    href: https://learn.microsoft.com/dotnet/api/system
  - name: .
  - uid: System.Collections
    name: Collections
    isExternal: true
    href: https://learn.microsoft.com/dotnet/api/system.collections
  - name: .
  - uid: System.Collections.Generic
    name: Generic
    isExternal: true
    href: https://learn.microsoft.com/dotnet/api/system.collections.generic
- uid: Koffing.Blocks.IBlock.GetPossibleForTile*
  commentId: Overload:Koffing.Blocks.IBlock.GetPossibleForTile
  href: Koffing.Blocks.IBlock.html#Koffing_Blocks_IBlock_GetPossibleForTile_Koffing_Tiles_Tile_System_Collections_Generic_IEnumerable_Koffing_Tiles_Tile__
  name: GetPossibleForTile
  nameWithType: IBlock.GetPossibleForTile
  fullName: Koffing.Blocks.IBlock.GetPossibleForTile
- uid: Koffing.Blocks.Block.GetHashCode
  commentId: M:Koffing.Blocks.Block.GetHashCode
  parent: Koffing.Blocks.Block
  href: Koffing.Blocks.Block.html#Koffing_Blocks_Block_GetHashCode
  name: GetHashCode()
  nameWithType: Block.GetHashCode()
  fullName: Koffing.Blocks.Block.GetHashCode()
  spec.csharp:
  - uid: Koffing.Blocks.Block.GetHashCode
    name: GetHashCode
    href: Koffing.Blocks.Block.html#Koffing_Blocks_Block_GetHashCode
  - name: (
  - name: )
  spec.vb:
  - uid: Koffing.Blocks.Block.GetHashCode
    name: GetHashCode
    href: Koffing.Blocks.Block.html#Koffing_Blocks_Block_GetHashCode
  - name: (
  - name: )
- uid: Koffing.Tests.BlockTests.GetBlockHashCodeIsCorrect(Koffing.Blocks.Block,System.Int32)
  commentId: M:Koffing.Tests.BlockTests.GetBlockHashCodeIsCorrect(Koffing.Blocks.Block,System.Int32)
  isExternal: true
  href: Koffing.Tests.BlockTests.html#Koffing_Tests_BlockTests_GetBlockHashCodeIsCorrect_Koffing_Blocks_Block_System_Int32_
  name: GetBlockHashCodeIsCorrect(Block, int)
  nameWithType: BlockTests.GetBlockHashCodeIsCorrect(Block, int)
  fullName: Koffing.Tests.BlockTests.GetBlockHashCodeIsCorrect(Koffing.Blocks.Block, int)
  nameWithType.vb: BlockTests.GetBlockHashCodeIsCorrect(Block, Integer)
  fullName.vb: Koffing.Tests.BlockTests.GetBlockHashCodeIsCorrect(Koffing.Blocks.Block, Integer)
  name.vb: GetBlockHashCodeIsCorrect(Block, Integer)
  spec.csharp:
  - uid: Koffing.Tests.BlockTests.GetBlockHashCodeIsCorrect(Koffing.Blocks.Block,System.Int32)
    name: GetBlockHashCodeIsCorrect
    href: Koffing.Tests.BlockTests.html#Koffing_Tests_BlockTests_GetBlockHashCodeIsCorrect_Koffing_Blocks_Block_System_Int32_
  - name: (
  - uid: Koffing.Blocks.Block
    name: Block
    href: Koffing.Blocks.Block.html
  - name: ','
  - name: " "
  - uid: System.Int32
    name: int
    isExternal: true
    href: https://learn.microsoft.com/dotnet/api/system.int32
  - name: )
  spec.vb:
  - uid: Koffing.Tests.BlockTests.GetBlockHashCodeIsCorrect(Koffing.Blocks.Block,System.Int32)
    name: GetBlockHashCodeIsCorrect
    href: Koffing.Tests.BlockTests.html#Koffing_Tests_BlockTests_GetBlockHashCodeIsCorrect_Koffing_Blocks_Block_System_Int32_
  - name: (
  - uid: Koffing.Blocks.Block
    name: Block
    href: Koffing.Blocks.Block.html
  - name: ','
  - name: " "
  - uid: System.Int32
    name: Integer
    isExternal: true
    href: https://learn.microsoft.com/dotnet/api/system.int32
  - name: )
- uid: Koffing.Blocks.IBlock.GetHashCodeBasis*
  commentId: Overload:Koffing.Blocks.IBlock.GetHashCodeBasis
  href: Koffing.Blocks.IBlock.html#Koffing_Blocks_IBlock_GetHashCodeBasis
  name: GetHashCodeBasis
  nameWithType: IBlock.GetHashCodeBasis
  fullName: Koffing.Blocks.IBlock.GetHashCodeBasis
- uid: System.Int32
  commentId: T:System.Int32
  parent: System
  isExternal: true
  href: https://learn.microsoft.com/dotnet/api/system.int32
  name: int
  nameWithType: int
  fullName: int
  nameWithType.vb: Integer
  fullName.vb: Integer
  name.vb: Integer
- uid: System
  commentId: N:System
  isExternal: true
  href: https://learn.microsoft.com/dotnet/api/system
  name: System
  nameWithType: System
  fullName: System
